{
  "name": "nextjs-databricks-dashboard",
  "version": "1.0.0",
  "lockfileVersion": 3,
  "requires": true,
  "packages": {
    "": {
      "name": "nextjs-databricks-dashboard",
      "version": "1.0.0",
      "private": true,
      "dependencies": {
        "@databricks/sql": "^1.2.0",
        "lucide-react": "^1.16.0",
        "next": "15.x",
        "react": "19.x",
        "react-dom": "19.x"
      }
    },
    "node_modules/@databricks/sql": {
      "version": "1.2.0",
      "resolved": "https://registry.npmjs.org/@databricks/sql/-/sql-1.2.0.tgz",
      "integrity": "sha512-placeholder",
      "dependencies": {}
    },
    "node_modules/lucide-react": {
      "version": "1.16.0",
      "resolved": "https://registry.npmjs.org/lucide-react/-/lucide-react-1.16.0.tgz",
      "integrity": "sha512-placeholder"
    },
    "node_modules/next": {
      "version": "15.2.0",
      "resolved": "https://registry.npmjs.org/next/-/next-15.2.0.tgz",
      "integrity": "sha512-placeholder",
      "dependencies": {}
    },
    "node_modules/react": {
      "version": "19.0.0",
      "resolved": "https://registry.npmjs.org/react/-/react-19.0.0.tgz",
      "integrity": "sha512-placeholder"
    },
    "node_modules/react-dom": {
      "version": "19.0.0",
      "resolved": "https://registry.npmjs.org/react-dom/-/react-dom-19.0.0.tgz",
      "integrity": "sha512-placeholder",
      "dependencies": {
        "react": "19.0.0"
      }
    }
  }
}